Microsoft Visual Studio Solution File, Format Version 12.00
# Visual Studio Version 17
VisualStudioVersion = 17.5.2.0
MinimumVisualStudioVersion = 10.0.40219.1
Project("{FAE04EC0-301F-11D3-BF4B-00C04F79EFBC}") = "Pitwall.CommandCenter.Wpf", "Pitwall.CommandCenter.Wpf\Pitwall.CommandCenter.Wpf.csproj", "{923C75CE-4F42-555B-5231-A45091F60285}"
EndProject
Global
	GlobalSection(SolutionConfigurationPlatforms) = preSolution
		Debug|Any CPU = Debug|Any CPU
		Release|Any CPU = Release|Any CPU
	EndGlobalSection
	GlobalSection(ProjectConfigurationPlatforms) = postSolution
		{923C75CE-4F42-555B-5231-A45091F60285}.Debug|Any CPU.ActiveCfg = Debug|Any CPU
		{923C75CE-4F42-555B-5231-A45091F60285}.Debug|Any CPU.Build.0 = Debug|Any CPU
		{923C75CE-4F42-555B-5231-A45091F60285}.Release|Any CPU.ActiveCfg = Release|Any CPU
		{923C75CE-4F42-555B-5231-A45091F60285}.Release|Any CPU.Build.0 = Release|Any CPU
	EndGlobalSection
	GlobalSection(SolutionProperties) = preSolution
		HideSolutionNode = FALSE
	EndGlobalSection
	GlobalSection(ExtensibilityGlobals) = postSolution
		SolutionGuid = {DAD849F5-806C-496E-8E18-9854F81D9107}
	EndGlobalSection
EndGlobal
